// !$*UTF8*$!
{
	archiveVersion = 1;
	classes = {
	};
	objectVersion = 46;
	objects = {

/* Begin PBXBuildFile section */
		400E19CC1AC7144E0002F00C /* main.m in Sources */ = {isa = PBXBuildFile; fileRef = 400E19CB1AC7144E0002F00C /* main.m */; };
		400E19CF1AC7144E0002F00C /* AppDelegate.m in Sources */ = {isa = PBXBuildFile; fileRef = 400E19CE1AC7144E0002F00C /* AppDelegate.m */; };
		400E19D21AC7144E0002F00C /* LingvoCards.xcdatamodeld in Sources */ = {isa = PBXBuildFile; fileRef = 400E19D01AC7144E0002F00C /* LingvoCards.xcdatamodeld */; };
		400E19DA1AC7144E0002F00C /* Images.xcassets in Resources */ = {isa = PBXBuildFile; fileRef = 400E19D91AC7144E0002F00C /* Images.xcassets */; };
		400E19E91AC7144E0002F00C /* LingvoCardsTests.m in Sources */ = {isa = PBXBuildFile; fileRef = 400E19E81AC7144E0002F00C /* LingvoCardsTests.m */; };
		400E19F31AC7163D0002F00C /* Default-568h@2x.png in Resources */ = {isa = PBXBuildFile; fileRef = 400E19F21AC7163D0002F00C /* Default-568h@2x.png */; };
		400E19F61AC71A3A0002F00C /* LCDictionary.m in Sources */ = {isa = PBXBuildFile; fileRef = 400E19F51AC71A3A0002F00C /* LCDictionary.m */; };
		400E19F91AC71A3A0002F00C /* LCItem.m in Sources */ = {isa = PBXBuildFile; fileRef = 400E19F81AC71A3A0002F00C /* LCItem.m */; };
		400E19FC1AC725E60002F00C /* LCItemStore.m in Sources */ = {isa = PBXBuildFile; fileRef = 400E19FB1AC725E60002F00C /* LCItemStore.m */; };
		401192E31AC8AD160030B3A5 /* cardBg.png in Resources */ = {isa = PBXBuildFile; fileRef = 401192E21AC8AD160030B3A5 /* cardBg.png */; };
		401192E51AC8AD200030B3A5 /* cardBackBg.png in Resources */ = {isa = PBXBuildFile; fileRef = 401192E41AC8AD200030B3A5 /* cardBackBg.png */; };
		40BA23511AC72A67009757AC /* LCDictionaryStore.m in Sources */ = {isa = PBXBuildFile; fileRef = 40BA23501AC72A67009757AC /* LCDictionaryStore.m */; };
		40BA23541AC72F4D009757AC /* LCAPI.m in Sources */ = {isa = PBXBuildFile; fileRef = 40BA23531AC72F4D009757AC /* LCAPI.m */; };
		40BA23571AC7324D009757AC /* XMLItemsParserDelegate.m in Sources */ = {isa = PBXBuildFile; fileRef = 40BA23561AC7324D009757AC /* XMLItemsParserDelegate.m */; };
		40BA23591AC7386F009757AC /* defaultItems.xml in Resources */ = {isa = PBXBuildFile; fileRef = 40BA23581AC7386F009757AC /* defaultItems.xml */; };
		40BA23641AC77AC7009757AC /* LCLearningViewController.m in Sources */ = {isa = PBXBuildFile; fileRef = 40BA23621AC77AC7009757AC /* LCLearningViewController.m */; };
		40BA23651AC77AC7009757AC /* LCLearningViewController.xib in Resources */ = {isa = PBXBuildFile; fileRef = 40BA23631AC77AC7009757AC /* LCLearningViewController.xib */; };
		40BA23691AC796A7009757AC /* learningBg.png in Resources */ = {isa = PBXBuildFile; fileRef = 40BA23681AC796A7009757AC /* learningBg.png */; };
		40BA236D1AC79AE3009757AC /* LCCardViewController.m in Sources */ = {isa = PBXBuildFile; fileRef = 40BA236B1AC79AE3009757AC /* LCCardViewController.m */; };
		40BA236E1AC79AE3009757AC /* LCCardViewController.xib in Resources */ = {isa = PBXBuildFile; fileRef = 40BA236C1AC79AE3009757AC /* LCCardViewController.xib */; };
/* End PBXBuildFile section */

/* Begin PBXContainerItemProxy section */
		400E19E31AC7144E0002F00C /* PBXContainerItemProxy */ = {
			isa = PBXContainerItemProxy;
			containerPortal = 400E19BE1AC7144E0002F00C /* Project object */;
			proxyType = 1;
			remoteGlobalIDString = 400E19C51AC7144E0002F00C;
			remoteInfo = LingvoCards;
		};
/* End PBXContainerItemProxy section */

/* Begin PBXFileReference section */
		400E19C61AC7144E0002F00C /* LingvoCards.app */ = {isa = PBXFileReference; explicitFileType = wrapper.application; includeInIndex = 0; path = LingvoCards.app; sourceTree = BUILT_PRODUCTS_DIR; };
		400E19CA1AC7144E0002F00C /* Info.plist */ = {isa = PBXFileReference; lastKnownFileType = text.plist.xml; path = Info.plist; sourceTree = "<group>"; };
		400E19CB1AC7144E0002F00C /* main.m */ = {isa = PBXFileReference; lastKnownFileType = sourcecode.c.objc; path = main.m; sourceTree = "<group>"; };
		400E19CD1AC7144E0002F00C /* AppDelegate.h */ = {isa = PBXFileReference; lastKnownFileType = sourcecode.c.h; path = AppDelegate.h; sourceTree = "<group>"; };
		400E19CE1AC7144E0002F00C /* AppDelegate.m */ = {isa = PBXFileReference; lastKnownFileType = sourcecode.c.objc; path = AppDelegate.m; sourceTree = "<group>"; };
		400E19D11AC7144E0002F00C /* LingvoCards.xcdatamodel */ = {isa = PBXFileReference; lastKnownFileType = wrapper.xcdatamodel; path = LingvoCards.xcdatamodel; sourceTree = "<group>"; };
		400E19D91AC7144E0002F00C /* Images.xcassets */ = {isa = PBXFileReference; lastKnownFileType = folder.assetcatalog; path = Images.xcassets; sourceTree = "<group>"; };
		400E19E21AC7144E0002F00C /* LingvoCardsTests.xctest */ = {isa = PBXFileReference; explicitFileType = wrapper.cfbundle; includeInIndex = 0; path = LingvoCardsTests.xctest; sourceTree = BUILT_PRODUCTS_DIR; };
		400E19E71AC7144E0002F00C /* Info.plist */ = {isa = PBXFileReference; lastKnownFileType = text.plist.xml; path = Info.plist; sourceTree = "<group>"; };
		400E19E81AC7144E0002F00C /* LingvoCardsTests.m */ = {isa = PBXFileReference; lastKnownFileType = sourcecode.c.objc; path = LingvoCardsTests.m; sourceTree = "<group>"; };
		400E19F21AC7163D0002F00C /* Default-568h@2x.png */ = {isa = PBXFileReference; lastKnownFileType = image.png; path = "Default-568h@2x.png"; sourceTree = "<group>"; };
		400E19F41AC71A3A0002F00C /* LCDictionary.h */ = {isa = PBXFileReference; fileEncoding = 4; lastKnownFileType = sourcecode.c.h; path = LCDictionary.h; sourceTree = "<group>"; };
		400E19F51AC71A3A0002F00C /* LCDictionary.m */ = {isa = PBXFileReference; fileEncoding = 4; lastKnownFileType = sourcecode.c.objc; path = LCDictionary.m; sourceTree = "<group>"; };
		400E19F71AC71A3A0002F00C /* LCItem.h */ = {isa = PBXFileReference; fileEncoding = 4; lastKnownFileType = sourcecode.c.h; path = LCItem.h; sourceTree = "<group>"; };
		400E19F81AC71A3A0002F00C /* LCItem.m */ = {isa = PBXFileReference; fileEncoding = 4; lastKnownFileType = sourcecode.c.objc; path = LCItem.m; sourceTree = "<group>"; };
		400E19FA1AC725E60002F00C /* LCItemStore.h */ = {isa = PBXFileReference; fileEncoding = 4; lastKnownFileType = sourcecode.c.h; path = LCItemStore.h; sourceTree = "<group>"; };
		400E19FB1AC725E60002F00C /* LCItemStore.m */ = {isa = PBXFileReference; fileEncoding = 4; lastKnownFileType = sourcecode.c.objc; path = LCItemStore.m; sourceTree = "<group>"; };
		401192E21AC8AD160030B3A5 /* cardBg.png */ = {isa = PBXFileReference; lastKnownFileType = image.png; name = cardBg.png; path = ../../LCASSETS/cardBg.png; sourceTree = "<group>"; };
		401192E41AC8AD200030B3A5 /* cardBackBg.png */ = {isa = PBXFileReference; lastKnownFileType = image.png; name = cardBackBg.png; path = ../../LCASSETS/cardBackBg.png; sourceTree = "<group>"; };
		40BA234F1AC72A67009757AC /* LCDictionaryStore.h */ = {isa = PBXFileReference; fileEncoding = 4; lastKnownFileType = sourcecode.c.h; path = LCDictionaryStore.h; sourceTree = "<group>"; };
		40BA23501AC72A67009757AC /* LCDictionaryStore.m */ = {isa = PBXFileReference; fileEncoding = 4; lastKnownFileType = sourcecode.c.objc; path = LCDictionaryStore.m; sourceTree = "<group>"; };
		40BA23521AC72F4D009757AC /* LCAPI.h */ = {isa = PBXFileReference; fileEncoding = 4; lastKnownFileType = sourcecode.c.h; path = LCAPI.h; sourceTree = "<group>"; };
		40BA23531AC72F4D009757AC /* LCAPI.m */ = {isa = PBXFileReference; fileEncoding = 4; lastKnownFileType = sourcecode.c.objc; path = LCAPI.m; sourceTree = "<group>"; };
		40BA23551AC7324D009757AC /* XMLItemsParserDelegate.h */ = {isa = PBXFileReference; fileEncoding = 4; lastKnownFileType = sourcecode.c.h; path = XMLItemsParserDelegate.h; sourceTree = "<group>"; };
		40BA23561AC7324D009757AC /* XMLItemsParserDelegate.m */ = {isa = PBXFileReference; fileEncoding = 4; lastKnownFileType = sourcecode.c.objc; path = XMLItemsParserDelegate.m; sourceTree = "<group>"; };
		40BA23581AC7386F009757AC /* defaultItems.xml */ = {isa = PBXFileReference; fileEncoding = 4; lastKnownFileType = text.xml; name = defaultItems.xml; path = ../../Downloads/defaultItems.xml; sourceTree = "<group>"; };
		40BA23611AC77AC7009757AC /* LCLearningViewController.h */ = {isa = PBXFileReference; fileEncoding = 4; lastKnownFileType = sourcecode.c.h; path = LCLearningViewController.h; sourceTree = "<group>"; };
		40BA23621AC77AC7009757AC /* LCLearningViewController.m */ = {isa = PBXFileReference; fileEncoding = 4; lastKnownFileType = sourcecode.c.objc; path = LCLearningViewController.m; sourceTree = "<group>"; };
		40BA23631AC77AC7009757AC /* LCLearningViewController.xib */ = {isa = PBXFileReference; fileEncoding = 4; lastKnownFileType = file.xib; path = LCLearningViewController.xib; sourceTree = "<group>"; };
		40BA23681AC796A7009757AC /* learningBg.png */ = {isa = PBXFileReference; lastKnownFileType = image.png; name = learningBg.png; path = ../../LCASSETS/learningBg.png; sourceTree = "<group>"; };
		40BA236A1AC79AE3009757AC /* LCCardViewController.h */ = {isa = PBXFileReference; fileEncoding = 4; lastKnownFileType = sourcecode.c.h; path = LCCardViewController.h; sourceTree = "<group>"; };
		40BA236B1AC79AE3009757AC /* LCCardViewController.m */ = {isa = PBXFileReference; fileEncoding = 4; lastKnownFileType = sourcecode.c.objc; path = LCCardViewController.m; sourceTree = "<group>"; };
		40BA236C1AC79AE3009757AC /* LCCardViewController.xib */ = {isa = PBXFileReference; fileEncoding = 4; lastKnownFileType = file.xib; path = LCCardViewController.xib; sourceTree = "<group>"; };
/* End PBXFileReference section */

/* Begin PBXFrameworksBuildPhase section */
		400E19C31AC7144E0002F00C /* Frameworks */ = {
			isa = PBXFrameworksBuildPhase;
			buildActionMask = 2147483647;
			files = (
			);
			runOnlyForDeploymentPostprocessing = 0;
		};
		400E19DF1AC7144E0002F00C /* Frameworks */ = {
			isa = PBXFrameworksBuildPhase;
			buildActionMask = 2147483647;
			files = (
			);
			runOnlyForDeploymentPostprocessing = 0;
		};
/* End PBXFrameworksBuildPhase section */

/* Begin PBXGroup section */
		400E19BD1AC7144E0002F00C = {
			isa = PBXGroup;
			children = (
				401192E41AC8AD200030B3A5 /* cardBackBg.png */,
				401192E21AC8AD160030B3A5 /* cardBg.png */,
				40BA23681AC796A7009757AC /* learningBg.png */,
				40BA23581AC7386F009757AC /* defaultItems.xml */,
				400E19F21AC7163D0002F00C /* Default-568h@2x.png */,
				400E19C81AC7144E0002F00C /* LingvoCards */,
				400E19E51AC7144E0002F00C /* LingvoCardsTests */,
				400E19C71AC7144E0002F00C /* Products */,
			);
			sourceTree = "<group>";
		};
		400E19C71AC7144E0002F00C /* Products */ = {
			isa = PBXGroup;
			children = (
				400E19C61AC7144E0002F00C /* LingvoCards.app */,
				400E19E21AC7144E0002F00C /* LingvoCardsTests.xctest */,
			);
			name = Products;
			sourceTree = "<group>";
		};
		400E19C81AC7144E0002F00C /* LingvoCards */ = {
			isa = PBXGroup;
			children = (
				400E19CD1AC7144E0002F00C /* AppDelegate.h */,
				400E19CE1AC7144E0002F00C /* AppDelegate.m */,
				400E19D91AC7144E0002F00C /* Images.xcassets */,
				400E19D01AC7144E0002F00C /* LingvoCards.xcdatamodeld */,
				400E19C91AC7144E0002F00C /* Supporting Files */,
				400E19F71AC71A3A0002F00C /* LCItem.h */,
				400E19F81AC71A3A0002F00C /* LCItem.m */,
				400E19F41AC71A3A0002F00C /* LCDictionary.h */,
				400E19F51AC71A3A0002F00C /* LCDictionary.m */,
				400E19FA1AC725E60002F00C /* LCItemStore.h */,
				400E19FB1AC725E60002F00C /* LCItemStore.m */,
				40BA234F1AC72A67009757AC /* LCDictionaryStore.h */,
				40BA23501AC72A67009757AC /* LCDictionaryStore.m */,
				40BA23521AC72F4D009757AC /* LCAPI.h */,
				40BA23531AC72F4D009757AC /* LCAPI.m */,
				40BA23551AC7324D009757AC /* XMLItemsParserDelegate.h */,
				40BA23561AC7324D009757AC /* XMLItemsParserDelegate.m */,
				40BA23611AC77AC7009757AC /* LCLearningViewController.h */,
				40BA23621AC77AC7009757AC /* LCLearningViewController.m */,
				40BA23631AC77AC7009757AC /* LCLearningViewController.xib */,
				40BA236A1AC79AE3009757AC /* LCCardViewController.h */,
				40BA236B1AC79AE3009757AC /* LCCardViewController.m */,
				40BA236C1AC79AE3009757AC /* LCCardViewController.xib */,
			);
			path = LingvoCards;
			sourceTree = "<group>";
		};
		400E19C91AC7144E0002F00C /* Supporting Files */ = {
			isa = PBXGroup;
			children = (
				400E19CA1AC7144E0002F00C /* Info.plist */,
				400E19CB1AC7144E0002F00C /* main.m */,
			);
			name = "Supporting Files";
			sourceTree = "<group>";
		};
		400E19E51AC7144E0002F00C /* LingvoCardsTests */ = {
			isa = PBXGroup;
			children = (
				400E19E81AC7144E0002F00C /* LingvoCardsTests.m */,
				400E19E61AC7144E0002F00C /* Supporting Files */,
			);
			path = LingvoCardsTests;
			sourceTree = "<group>";
		};
		400E19E61AC7144E0002F00C /* Supporting Files */ = {
			isa = PBXGroup;
			children = (
				400E19E71AC7144E0002F00C /* Info.plist */,
			);
			name = "Supporting Files";
			sourceTree = "<group>";
		};
/* End PBXGroup section */

/* Begin PBXNativeTarget section */
		400E19C51AC7144E0002F00C /* LingvoCards */ = {
			isa = PBXNativeTarget;
			buildConfigurationList = 400E19EC1AC7144E0002F00C /* Build configuration list for PBXNativeTarget "LingvoCards" */;
			buildPhases = (
				400E19C21AC7144E0002F00C /* Sources */,
				400E19C31AC7144E0002F00C /* Frameworks */,
				400E19C41AC7144E0002F00C /* Resources */,
			);
			buildRules = (
			);
			dependencies = (
			);
			name = LingvoCards;
			productName = LingvoCards;
			productReference = 400E19C61AC7144E0002F00C /* LingvoCards.app */;
			productType = "com.apple.product-type.application";
		};
		400E19E11AC7144E0002F00C /* LingvoCardsTests */ = {
			isa = PBXNativeTarget;
			buildConfigurationList = 400E19EF1AC7144E0002F00C /* Build configuration list for PBXNativeTarget "LingvoCardsTests" */;
			buildPhases = (
				400E19DE1AC7144E0002F00C /* Sources */,
				400E19DF1AC7144E0002F00C /* Frameworks */,
				400E19E01AC7144E0002F00C /* Resources */,
			);
			buildRules = (
			);
			dependencies = (
				400E19E41AC7144E0002F00C /* PBXTargetDependency */,
			);
			name = LingvoCardsTests;
			productName = LingvoCardsTests;
			productReference = 400E19E21AC7144E0002F00C /* LingvoCardsTests.xctest */;
			productType = "com.apple.product-type.bundle.unit-test";
		};
/* End PBXNativeTarget section */

/* Begin PBXProject section */
		400E19BE1AC7144E0002F00C /* Project object */ = {
			isa = PBXProject;
			attributes = {
				LastUpgradeCheck = 0620;
				ORGANIZATIONNAME = DCH;
				TargetAttributes = {
					400E19C51AC7144E0002F00C = {
						CreatedOnToolsVersion = 6.2;
					};
					400E19E11AC7144E0002F00C = {
						CreatedOnToolsVersion = 6.2;
						TestTargetID = 400E19C51AC7144E0002F00C;
					};
				};
			};
			buildConfigurationList = 400E19C11AC7144E0002F00C /* Build configuration list for PBXProject "LingvoCards" */;
			compatibilityVersion = "Xcode 3.2";
			developmentRegion = English;
			hasScannedForEncodings = 0;
			knownRegions = (
				en,
				Base,
			);
			mainGroup = 400E19BD1AC7144E0002F00C;
			productRefGroup = 400E19C71AC7144E0002F00C /* Products */;
			projectDirPath = "";
			projectRoot = "";
			targets = (
				400E19C51AC7144E0002F00C /* LingvoCards */,
				400E19E11AC7144E0002F00C /* LingvoCardsTests */,
			);
		};
/* End PBXProject section */

/* Begin PBXResourcesBuildPhase section */
		400E19C41AC7144E0002F00C /* Resources */ = {
			isa = PBXResourcesBuildPhase;
			buildActionMask = 2147483647;
			files = (
				401192E31AC8AD160030B3A5 /* cardBg.png in Resources */,
				400E19DA1AC7144E0002F00C /* Images.xcassets in Resources */,
				40BA23591AC7386F009757AC /* defaultItems.xml in Resources */,
				40BA23691AC796A7009757AC /* learningBg.png in Resources */,
				40BA236E1AC79AE3009757AC /* LCCardViewController.xib in Resources */,
				401192E51AC8AD200030B3A5 /* cardBackBg.png in Resources */,
				40BA23651AC77AC7009757AC /* LCLearningViewController.xib in Resources */,
				400E19F31AC7163D0002F00C /* Default-568h@2x.png in Resources */,
			);
			runOnlyForDeploymentPostprocessing = 0;
		};
		400E19E01AC7144E0002F00C /* Resources */ = {
			isa = PBXResourcesBuildPhase;
			buildActionMask = 2147483647;
			files = (
			);
			runOnlyForDeploymentPostprocessing = 0;
		};
/* End PBXResourcesBuildPhase section */

/* Begin PBXSourcesBuildPhase section */
		400E19C21AC7144E0002F00C /* Sources */ = {
			isa = PBXSourcesBuildPhase;
			buildActionMask = 2147483647;
			files = (
				40BA23511AC72A67009757AC /* LCDictionaryStore.m in Sources */,
				400E19CF1AC7144E0002F00C /* AppDelegate.m in Sources */,
				40BA236D1AC79AE3009757AC /* LCCardViewController.m in Sources */,
				400E19F91AC71A3A0002F00C /* LCItem.m in Sources */,
				40BA23641AC77AC7009757AC /* LCLearningViewController.m in Sources */,
				40BA23541AC72F4D009757AC /* LCAPI.m in Sources */,
				40BA23571AC7324D009757AC /* XMLItemsParserDelegate.m in Sources */,
				400E19CC1AC7144E0002F00C /* main.m in Sources */,
				400E19F61AC71A3A0002F00C /* LCDictionary.m in Sources */,
				400E19D21AC7144E0002F00C /* LingvoCards.xcdatamodeld in Sources */,
				400E19FC1AC725E60002F00C /* LCItemStore.m in Sources */,
			);
			runOnlyForDeploymentPostprocessing = 0;
		};
		400E19DE1AC7144E0002F00C /* Sources */ = {
			isa = PBXSourcesBuildPhase;
			buildActionMask = 2147483647;
			files = (
				400E19E91AC7144E0002F00C /* LingvoCardsTests.m in Sources */,
			);
			runOnlyForDeploymentPostprocessing = 0;
		};
/* End PBXSourcesBuildPhase section */

/* Begin PBXTargetDependency section */
		400E19E41AC7144E0002F00C /* PBXTargetDependency */ = {
			isa = PBXTargetDependency;
			target = 400E19C51AC7144E0002F00C /* LingvoCards */;
			targetProxy = 400E19E31AC7144E0002F00C /* PBXContainerItemProxy */;
		};
/* End PBXTargetDependency section */

/* Begin XCBuildConfiguration section */
		400E19EA1AC7144E0002F00C /* Debug */ = {
			isa = XCBuildConfiguration;
			buildSettings = {
				ALWAYS_SEARCH_USER_PATHS = NO;
				CLANG_CXX_LANGUAGE_STANDARD = "gnu++0x";
				CLANG_CXX_LIBRARY = "libc++";
				CLANG_ENABLE_MODULES = YES;
				CLANG_ENABLE_OBJC_ARC = YES;
				CLANG_WARN_BOOL_CONVERSION = YES;
				CLANG_WARN_CONSTANT_CONVERSION = YES;
				CLANG_WARN_DIRECT_OBJC_ISA_USAGE = YES_ERROR;
				CLANG_WARN_EMPTY_BODY = YES;
				CLANG_WARN_ENUM_CONVERSION = YES;
				CLANG_WARN_INT_CONVERSION = YES;
				CLANG_WARN_OBJC_ROOT_CLASS = YES_ERROR;
				CLANG_WARN_UNREACHABLE_CODE = YES;
				CLANG_WARN__DUPLICATE_METHOD_MATCH = YES;
				"CODE_SIGN_IDENTITY[sdk=iphoneos*]" = "iPhone Developer";
				COPY_PHASE_STRIP = NO;
				ENABLE_STRICT_OBJC_MSGSEND = YES;
				GCC_C_LANGUAGE_STANDARD = gnu99;
				GCC_DYNAMIC_NO_PIC = NO;
				GCC_OPTIMIZATION_LEVEL = 0;
				GCC_PREPROCESSOR_DEFINITIONS = (
					"DEBUG=1",
					"$(inherited)",
				);
				GCC_SYMBOLS_PRIVATE_EXTERN = NO;
				GCC_WARN_64_TO_32_BIT_CONVERSION = YES;
				GCC_WARN_ABOUT_RETURN_TYPE = YES_ERROR;
				GCC_WARN_UNDECLARED_SELECTOR = YES;
				GCC_WARN_UNINITIALIZED_AUTOS = YES_AGGRESSIVE;
				GCC_WARN_UNUSED_FUNCTION = YES;
				GCC_WARN_UNUSED_VARIABLE = YES;
				IPHONEOS_DEPLOYMENT_TARGET = 8.2;
				MTL_ENABLE_DEBUG_INFO = YES;
				ONLY_ACTIVE_ARCH = YES;
				SDKROOT = iphoneos;
			};
			name = Debug;
		};
		400E19EB1AC7144E0002F00C /* Release */ = {
			isa = XCBuildConfiguration;
			buildSettings = {
				ALWAYS_SEARCH_USER_PATHS = NO;
				CLANG_CXX_LANGUAGE_STANDARD = "gnu++0x";
				CLANG_CXX_LIBRARY = "libc++";
				CLANG_ENABLE_MODULES = YES;
				CLANG_ENABLE_OBJC_ARC = YES;
				CLANG_WARN_BOOL_CONVERSION = YES;
				CLANG_WARN_CONSTANT_CONVERSION = YES;
				CLANG_WARN_DIRECT_OBJC_ISA_USAGE = YES_ERROR;
				CLANG_WARN_EMPTY_BODY = YES;
				CLANG_WARN_ENUM_CONVERSION = YES;
				CLANG_WARN_INT_CONVERSION = YES;
				CLANG_WARN_OBJC_ROOT_CLASS = YES_ERROR;
				CLANG_WARN_UNREACHABLE_CODE = YES;
				CLANG_WARN__DUPLICATE_METHOD_MATCH = YES;
				"CODE_SIGN_IDENTITY[sdk=iphoneos*]" = "iPhone Developer";
				COPY_PHASE_STRIP = NO;
				ENABLE_NS_ASSERTIONS = NO;
				ENABLE_STRICT_OBJC_MSGSEND = YES;
				GCC_C_LANGUAGE_STANDARD = gnu99;
				GCC_WARN_64_TO_32_BIT_CONVERSION = YES;
				GCC_WARN_ABOUT_RETURN_TYPE = YES_ERROR;
				GCC_WARN_UNDECLARED_SELECTOR = YES;
				GCC_WARN_UNINITIALIZED_AUTOS = YES_AGGRESSIVE;
				GCC_WARN_UNUSED_FUNCTION = YES;
				GCC_WARN_UNUSED_VARIABLE = YES;
				IPHONEOS_DEPLOYMENT_TARGET = 8.2;
				MTL_ENABLE_DEBUG_INFO = NO;
				SDKROOT = iphoneos;
				VALIDATE_PRODUCT = YES;
			};
			name = Release;
		};
		400E19ED1AC7144E0002F00C /* Debug */ = {
			isa = XCBuildConfiguration;
			buildSettings = {
				ASSETCATALOG_COMPILER_APPICON_NAME = AppIcon;
				INFOPLIST_FILE = LingvoCards/Info.plist;
				IPHONEOS_DEPLOYMENT_TARGET = 6.0;
				LD_RUNPATH_SEARCH_PATHS = "$(inherited) @executable_path/Frameworks";
				PRODUCT_NAME = "$(TARGET_NAME)";
			};
			name = Debug;
		};
		400E19EE1AC7144E0002F00C /* Release */ = {
			isa = XCBuildConfiguration;
			buildSettings = {
				ASSETCATALOG_COMPILER_APPICON_NAME = AppIcon;
				INFOPLIST_FILE = LingvoCards/Info.plist;
				IPHONEOS_DEPLOYMENT_TARGET = 6.0;
				LD_RUNPATH_SEARCH_PATHS = "$(inherited) @executable_path/Frameworks";
				PRODUCT_NAME = "$(TARGET_NAME)";
			};
			name = Release;
		};
		400E19F01AC7144E0002F00C /* Debug */ = {
			isa = XCBuildConfiguration;
			buildSettings = {
				BUNDLE_LOADER = "$(TEST_HOST)";
				FRAMEWORK_SEARCH_PATHS = (
					"$(SDKROOT)/Developer/Library/Frameworks",
					"$(inherited)",
				);
				GCC_PREPROCESSOR_DEFINITIONS = (
					"DEBUG=1",
					"$(inherited)",
				);
				INFOPLIST_FILE = LingvoCardsTests/Info.plist;
				LD_RUNPATH_SEARCH_PATHS = "$(inherited) @executable_path/Frameworks @loader_path/Frameworks";
				PRODUCT_NAME = "$(TARGET_NAME)";
				TEST_HOST = "$(BUILT_PRODUCTS_DIR)/LingvoCards.app/LingvoCards";
			};
			name = Debug;
		};
		400E19F11AC7144E0002F00C /* Release */ = {
			isa = XCBuildConfiguration;
			buildSettings = {
				BUNDLE_LOADER = "$(TEST_HOST)";
				FRAMEWORK_SEARCH_PATHS = (
					"$(SDKROOT)/Developer/Library/Frameworks",
					"$(inherited)",
				);
				INFOPLIST_FILE = LingvoCardsTests/Info.plist;
				LD_RUNPATH_SEARCH_PATHS = "$(inherited) @executable_path/Frameworks @loader_path/Frameworks";
				PRODUCT_NAME = "$(TARGET_NAME)";
				TEST_HOST = "$(BUILT_PRODUCTS_DIR)/LingvoCards.app/LingvoCards";
			};
			name = Release;
		};
/* End XCBuildConfiguration section */

/* Begin XCConfigurationList section */
		400E19C11AC7144E0002F00C /* Build configuration list for PBXProject "LingvoCards" */ = {
			isa = XCConfigurationList;
			buildConfigurations = (
				400E19EA1AC7144E0002F00C /* Debug */,
				400E19EB1AC7144E0002F00C /* Release */,
			);
			defaultConfigurationIsVisible = 0;
			defaultConfigurationName = Release;
		};
		400E19EC1AC7144E0002F00C /* Build configuration list for PBXNativeTarget "LingvoCards" */ = {
			isa = XCConfigurationList;
			buildConfigurations = (
				400E19ED1AC7144E0002F00C /* Debug */,
				400E19EE1AC7144E0002F00C /* Release */,
			);
			defaultConfigurationIsVisible = 0;
			defaultConfigurationName = Release;
		};
		400E19EF1AC7144E0002F00C /* Build configuration list for PBXNativeTarget "LingvoCardsTests" */ = {
			isa = XCConfigurationList;
			buildConfigurations = (
				400E19F01AC7144E0002F00C /* Debug */,
				400E19F11AC7144E0002F00C /* Release */,
			);
			defaultConfigurationIsVisible = 0;
			defaultConfigurationName = Release;
		};
/* End XCConfigurationList section */

/* Begin XCVersionGroup section */
		400E19D01AC7144E0002F00C /* LingvoCards.xcdatamodeld */ = {
			isa = XCVersionGroup;
			children = (
				400E19D11AC7144E0002F00C /* LingvoCards.xcdatamodel */,
			);
			currentVersion = 400E19D11AC7144E0002F00C /* LingvoCards.xcdatamodel */;
			path = LingvoCards.xcdatamodeld;
			sourceTree = "<group>";
			versionGroupType = wrapper.xcdatamodel;
		};
/* End XCVersionGroup section */
	};
	rootObject = 400E19BE1AC7144E0002F00C /* Project object */;
}
